# This file was autogenerated by Stack.
# You should not edit this file by hand.
# For more information, please see the documentation at:
#   https://docs.haskellstack.org/en/stable/lock_files

packages: []
snapshots:
- completed:
    sha256: 40f6a33be1035ebe9212ddb920aa2cbe28b92dacd829cde6a3150ca2fa9cbbd1
    size: 573643
    url: https://raw.githubusercontent.com/commercialhaskell/stackage-snapshots/master/nightly/2022/5/14.yaml
  original: nightly-2022-05-14
